
Microsoft Visual Studio Solution File, Format Version 12.00
# Visual Studio Version 17
VisualStudioVersion = 17.12.35514.174
MinimumVisualStudioVersion = 10.0.40219.1
Project("{FAE04EC0-301F-11D3-BF4B-00C04F79EFBC}") = "academia.Domain", "academia.Domain\academia.Domain.csproj", "{62B509CC-D5D5-4E3D-9F19-E8E00DFCA767}"
EndProject
Project("{FAE04EC0-301F-11D3-BF4B-00C04F79EFBC}") = "academia.Infrastructure", "academia.Infrastructure\academia.Infrastructure.csproj", "{D2740723-4672-4488-84A4-8F15496AB1EC}"
EndProject
Project("{FAE04EC0-301F-11D3-BF4B-00C04F79EFBC}") = "academia.Application", "academia.Application\academia.Application.csproj", "{BC699808-A155-4DA7-BF54-2218BF9E830F}"
EndProject
Project("{2150E333-8FDC-42A3-9474-1A3956D46DE8}") = "0 - Domain", "0 - Domain", "{1F62DBB6-B9DC-44F3-856A-43B1D2AA14F9}"
EndProject
Project("{2150E333-8FDC-42A3-9474-1A3956D46DE8}") = "1 - Infrastructure", "1 - Infrastructure", "{6845FE15-F971-432F-B861-B3AF8FE98967}"
EndProject
Project("{2150E333-8FDC-42A3-9474-1A3956D46DE8}") = "2 - Application", "2 - Application", "{CB453761-C8B6-49FB-A274-7231573CFBD4}"
EndProject
Project("{2150E333-8FDC-42A3-9474-1A3956D46DE8}") = "3 - Presentation", "3 - Presentation", "{0EE4C969-6E54-40A4-8757-192BD9AFBE38}"
EndProject
Global
	GlobalSection(SolutionConfigurationPlatforms) = preSolution
		Debug|Any CPU = Debug|Any CPU
		Release|Any CPU = Release|Any CPU
	EndGlobalSection
	GlobalSection(ProjectConfigurationPlatforms) = postSolution
		{62B509CC-D5D5-4E3D-9F19-E8E00DFCA767}.Debug|Any CPU.ActiveCfg = Debug|Any CPU
		{62B509CC-D5D5-4E3D-9F19-E8E00DFCA767}.Debug|Any CPU.Build.0 = Debug|Any CPU
		{62B509CC-D5D5-4E3D-9F19-E8E00DFCA767}.Release|Any CPU.ActiveCfg = Release|Any CPU
		{62B509CC-D5D5-4E3D-9F19-E8E00DFCA767}.Release|Any CPU.Build.0 = Release|Any CPU
		{D2740723-4672-4488-84A4-8F15496AB1EC}.Debug|Any CPU.ActiveCfg = Debug|Any CPU
		{D2740723-4672-4488-84A4-8F15496AB1EC}.Debug|Any CPU.Build.0 = Debug|Any CPU
		{D2740723-4672-4488-84A4-8F15496AB1EC}.Release|Any CPU.ActiveCfg = Release|Any CPU
		{D2740723-4672-4488-84A4-8F15496AB1EC}.Release|Any CPU.Build.0 = Release|Any CPU
		{BC699808-A155-4DA7-BF54-2218BF9E830F}.Debug|Any CPU.ActiveCfg = Debug|Any CPU
		{BC699808-A155-4DA7-BF54-2218BF9E830F}.Debug|Any CPU.Build.0 = Debug|Any CPU
		{BC699808-A155-4DA7-BF54-2218BF9E830F}.Release|Any CPU.ActiveCfg = Release|Any CPU
		{BC699808-A155-4DA7-BF54-2218BF9E830F}.Release|Any CPU.Build.0 = Release|Any CPU
	EndGlobalSection
	GlobalSection(SolutionProperties) = preSolution
		HideSolutionNode = FALSE
	EndGlobalSection
	GlobalSection(NestedProjects) = preSolution
		{62B509CC-D5D5-4E3D-9F19-E8E00DFCA767} = {1F62DBB6-B9DC-44F3-856A-43B1D2AA14F9}
		{D2740723-4672-4488-84A4-8F15496AB1EC} = {6845FE15-F971-432F-B861-B3AF8FE98967}
		{BC699808-A155-4DA7-BF54-2218BF9E830F} = {CB453761-C8B6-49FB-A274-7231573CFBD4}
	EndGlobalSection
EndGlobal
